
Microsoft Visual Studio Solution File, Format Version 12.00
# Visual Studio 14
VisualStudioVersion = 14.0.23107.0
MinimumVisualStudioVersion = 10.0.40219.1
Project("{FAE04EC0-301F-11D3-BF4B-00C04F79EFBC}") = "BibleStudy.Data", "src\BibleStudy.Data\BibleStudy.Data.csproj", "{D25A08E8-2660-4B1C-9F41-5B42091F9497}"
EndProject
Project("{FAE04EC0-301F-11D3-BF4B-00C04F79EFBC}") = "BibleStudy.Data.Api", "src\BibleStudy.Data.Api\BibleStudy.Data.Api.csproj", "{3A4782C6-EFE9-4E76-88AD-E5CD29D698A7}"
EndProject
Project("{FAE04EC0-301F-11D3-BF4B-00C04F79EFBC}") = "BibleStudy.Data.Migrations", "src\BibleStudy.Data.Migrations\BibleStudy.Data.Migrations.csproj", "{4C87152B-2D8F-4355-BA0A-6B9734F3DDF0}"
EndProject
Project("{2150E333-8FDC-42A3-9474-1A3956D46DE8}") = "Solution Items", "Solution Items", "{D997A01B-A4C3-4F66-A4F0-977E304AB4BB}"
EndProject
Project("{FAE04EC0-301F-11D3-BF4B-00C04F79EFBC}") = "BibleStudy.Console", "src\BibleStudy.Console\BibleStudy.Console.csproj", "{275494C1-5A5E-4D6A-B58E-E3557B96F270}"
EndProject
Project("{2150E333-8FDC-42A3-9474-1A3956D46DE8}") = "Test", "Test", "{94A70734-6F3A-4D3C-B0FB-C85378466FEC}"
EndProject
Project("{FAE04EC0-301F-11D3-BF4B-00C04F79EFBC}") = "BibleStudy.Data.Test", "test\BibleStudy.Data.Test\BibleStudy.Data.Test.csproj", "{F31297CF-3C43-48F5-BB9B-5950F8FA7E53}"
EndProject
Global
	GlobalSection(SolutionConfigurationPlatforms) = preSolution
		Debug|Any CPU = Debug|Any CPU
		Release|Any CPU = Release|Any CPU
	EndGlobalSection
	GlobalSection(ProjectConfigurationPlatforms) = postSolution
		{D25A08E8-2660-4B1C-9F41-5B42091F9497}.Debug|Any CPU.ActiveCfg = Debug|Any CPU
		{D25A08E8-2660-4B1C-9F41-5B42091F9497}.Debug|Any CPU.Build.0 = Debug|Any CPU
		{D25A08E8-2660-4B1C-9F41-5B42091F9497}.Release|Any CPU.ActiveCfg = Release|Any CPU
		{D25A08E8-2660-4B1C-9F41-5B42091F9497}.Release|Any CPU.Build.0 = Release|Any CPU
		{3A4782C6-EFE9-4E76-88AD-E5CD29D698A7}.Debug|Any CPU.ActiveCfg = Debug|Any CPU
		{3A4782C6-EFE9-4E76-88AD-E5CD29D698A7}.Debug|Any CPU.Build.0 = Debug|Any CPU
		{3A4782C6-EFE9-4E76-88AD-E5CD29D698A7}.Release|Any CPU.ActiveCfg = Release|Any CPU
		{3A4782C6-EFE9-4E76-88AD-E5CD29D698A7}.Release|Any CPU.Build.0 = Release|Any CPU
		{4C87152B-2D8F-4355-BA0A-6B9734F3DDF0}.Debug|Any CPU.ActiveCfg = Debug|Any CPU
		{4C87152B-2D8F-4355-BA0A-6B9734F3DDF0}.Debug|Any CPU.Build.0 = Debug|Any CPU
		{4C87152B-2D8F-4355-BA0A-6B9734F3DDF0}.Release|Any CPU.ActiveCfg = Release|Any CPU
		{4C87152B-2D8F-4355-BA0A-6B9734F3DDF0}.Release|Any CPU.Build.0 = Release|Any CPU
		{275494C1-5A5E-4D6A-B58E-E3557B96F270}.Debug|Any CPU.ActiveCfg = Debug|Any CPU
		{275494C1-5A5E-4D6A-B58E-E3557B96F270}.Debug|Any CPU.Build.0 = Debug|Any CPU
		{275494C1-5A5E-4D6A-B58E-E3557B96F270}.Release|Any CPU.ActiveCfg = Release|Any CPU
		{275494C1-5A5E-4D6A-B58E-E3557B96F270}.Release|Any CPU.Build.0 = Release|Any CPU
		{F31297CF-3C43-48F5-BB9B-5950F8FA7E53}.Debug|Any CPU.ActiveCfg = Debug|Any CPU
		{F31297CF-3C43-48F5-BB9B-5950F8FA7E53}.Debug|Any CPU.Build.0 = Debug|Any CPU
		{F31297CF-3C43-48F5-BB9B-5950F8FA7E53}.Release|Any CPU.ActiveCfg = Release|Any CPU
		{F31297CF-3C43-48F5-BB9B-5950F8FA7E53}.Release|Any CPU.Build.0 = Release|Any CPU
	EndGlobalSection
	GlobalSection(SolutionProperties) = preSolution
		HideSolutionNode = FALSE
	EndGlobalSection
	GlobalSection(NestedProjects) = preSolution
		{F31297CF-3C43-48F5-BB9B-5950F8FA7E53} = {94A70734-6F3A-4D3C-B0FB-C85378466FEC}
	EndGlobalSection
EndGlobal
